{
  "name": "shopify-cli-tui",
  "version": "1.5.11",
  "lockfileVersion": 3,
  "requires": true,
  "packages": {
    "": {
      "name": "shopify-cli-tui",
      "version": "1.5.11",
      "hasInstallScript": true,
      "license": "MIT",
      "bin": {
        "sho": "bin/cli.js"
      },
      "engines": {
        "node": ">=14"
      }
    }
  }
}
